
Microsoft Visual Studio Solution File, Format Version 12.00
# Visual Studio Version 17
VisualStudioVersion = 17.11.35222.181
MinimumVisualStudioVersion = 10.0.40219.1
Project("{9A19103F-16F7-4668-BE54-9A1E7A4F7556}") = "protein-shop", "protein-shop\protein-shop.csproj", "{853015BC-2190-4E8D-8C33-65DBE9E5E537}"
EndProject
Project("{E53339B2-1760-4266-BCC7-CA923CBCF16C}") = "docker-compose", "docker-compose.dcproj", "{3A7A9F87-A40A-415C-AE25-53F360C332DE}"
EndProject
Global
	GlobalSection(SolutionConfigurationPlatforms) = preSolution
		Debug|Any CPU = Debug|Any CPU
		Release|Any CPU = Release|Any CPU
	EndGlobalSection
	GlobalSection(ProjectConfigurationPlatforms) = postSolution
		{853015BC-2190-4E8D-8C33-65DBE9E5E537}.Debug|Any CPU.ActiveCfg = Debug|Any CPU
		{853015BC-2190-4E8D-8C33-65DBE9E5E537}.Debug|Any CPU.Build.0 = Debug|Any CPU
		{853015BC-2190-4E8D-8C33-65DBE9E5E537}.Release|Any CPU.ActiveCfg = Release|Any CPU
		{853015BC-2190-4E8D-8C33-65DBE9E5E537}.Release|Any CPU.Build.0 = Release|Any CPU
		{3A7A9F87-A40A-415C-AE25-53F360C332DE}.Debug|Any CPU.ActiveCfg = Debug|Any CPU
		{3A7A9F87-A40A-415C-AE25-53F360C332DE}.Debug|Any CPU.Build.0 = Debug|Any CPU
		{3A7A9F87-A40A-415C-AE25-53F360C332DE}.Release|Any CPU.ActiveCfg = Release|Any CPU
		{3A7A9F87-A40A-415C-AE25-53F360C332DE}.Release|Any CPU.Build.0 = Release|Any CPU
	EndGlobalSection
	GlobalSection(SolutionProperties) = preSolution
		HideSolutionNode = FALSE
	EndGlobalSection
	GlobalSection(ExtensibilityGlobals) = postSolution
		SolutionGuid = {BB7A1744-99D3-478B-B3C6-3F7BFB58C516}
	EndGlobalSection
EndGlobal
